# generated by rye
# use `rye lock` or `rye sync` to update this lockfile
#
# last locked with the following flags:
#   pre: false
#   features: []
#   all-features: false
#   with-sources: false
#   generate-hashes: false
#   universal: false

-e file:.
accelerate==0.34.2
    # via transformers
aiohappyeyeballs==2.4.0
    # via aiohttp
aiohttp==3.10.5
    # via huggingface-hub
    # via llama-index-core
    # via realtime
    # via text-generation
    # via voyageai
aiolimiter==1.1.0
    # via voyageai
aiosignal==1.3.1
    # via aiohttp
annotated-types==0.7.0
    # via pydantic
anyio==4.4.0
    # via httpx
    # via openai
attrs==24.2.0
    # via aiohttp
beautifulsoup4==4.12.3
    # via llama-index-readers-file
blobfile==3.0.0
    # via llama-stack
    # via llama-toolchain
certifi==2024.8.30
    # via httpcore
    # via httpx
    # via requests
charset-normalizer==3.3.2
    # via requests
click==8.1.7
    # via nltk
colorama==0.4.6
    # via click
    # via tqdm
dataclasses-json==0.6.7
    # via llama-index-core
deprecated==1.2.14
    # via llama-index-core
    # via vecs
deprecation==2.1.0
    # via postgrest
dirtyjson==1.0.8
    # via llama-index-core
distro==1.9.0
    # via openai
filelock==3.16.0
    # via blobfile
    # via huggingface-hub
    # via torch
    # via transformers
fire==0.6.0
    # via llama-stack
    # via llama-toolchain
flupy==1.2.1
    # via vecs
frozenlist==1.4.1
    # via aiohttp
    # via aiosignal
fsspec==2024.9.0
    # via huggingface-hub
    # via llama-index-core
    # via torch
gotrue==2.9.2
    # via supabase
greenlet==3.1.0
    # via sqlalchemy
h11==0.14.0
    # via httpcore
h2==4.1.0
    # via httpx
hpack==4.0.0
    # via h2
httpcore==1.0.5
    # via httpx
httpx==0.27.2
    # via gotrue
    # via llama-index-core
    # via llama-stack
    # via llama-toolchain
    # via ollama
    # via openai
    # via postgrest
    # via storage3
    # via supabase
    # via supafunc
huggingface-hub==0.23.5
    # via accelerate
    # via llama-index-embeddings-huggingface
    # via llama-index-llms-huggingface
    # via llama-stack
    # via llama-toolchain
    # via sentence-transformers
    # via text-generation
    # via tokenizers
    # via transformers
hyperframe==6.0.1
    # via h2
idna==3.8
    # via anyio
    # via httpx
    # via requests
    # via yarl
jinja2==3.1.4
    # via llama-models
    # via torch
jiter==0.6.0
    # via openai
joblib==1.4.2
    # via nltk
    # via scikit-learn
llama-index-core==0.11.8
    # via llama-index-embeddings-huggingface
    # via llama-index-embeddings-openai
    # via llama-index-embeddings-voyageai
    # via llama-index-llms-huggingface
    # via llama-index-llms-lmstudio
    # via llama-index-llms-ollama
    # via llama-index-postprocessor-voyageai-rerank
    # via llama-index-readers-file
    # via llama-index-vector-stores-supabase
    # via traffic-flow-rag
llama-index-embeddings-huggingface==0.3.1
    # via traffic-flow-rag
llama-index-embeddings-openai==0.2.5
    # via traffic-flow-rag
llama-index-embeddings-voyageai==0.2.2
    # via traffic-flow-rag
llama-index-llms-huggingface==0.3.4
    # via traffic-flow-rag
llama-index-llms-lmstudio==0.2.1
    # via traffic-flow-rag
llama-index-llms-ollama==0.3.3
    # via traffic-flow-rag
llama-index-postprocessor-voyageai-rerank==0.2.0
    # via traffic-flow-rag
llama-index-readers-file==0.2.1
    # via traffic-flow-rag
llama-index-vector-stores-supabase==0.2.0
    # via traffic-flow-rag
llama-models==0.0.36
    # via llama-stack
    # via llama-toolchain
llama-stack==0.0.36
    # via traffic-flow-rag
llama-toolchain==0.0.35
    # via traffic-flow-rag
lxml==5.3.0
    # via blobfile
markdown-it-py==3.0.0
    # via rich
markupsafe==2.1.5
    # via jinja2
marshmallow==3.22.0
    # via dataclasses-json
mdurl==0.1.2
    # via markdown-it-py
minijinja==2.2.0
    # via huggingface-hub
mpmath==1.3.0
    # via sympy
multidict==6.1.0
    # via aiohttp
    # via yarl
mypy-extensions==1.0.0
    # via typing-inspect
nest-asyncio==1.6.0
    # via llama-index-core
networkx==3.3
    # via llama-index-core
    # via torch
nltk==3.9.1
    # via llama-index-core
numpy==1.26.4
    # via accelerate
    # via llama-index-core
    # via pandas
    # via pgvector
    # via scikit-learn
    # via scipy
    # via sentence-transformers
    # via torchvision
    # via transformers
    # via voyageai
ollama==0.3.3
    # via llama-index-llms-ollama
openai==1.51.1
    # via llama-index-embeddings-openai
packaging==24.1
    # via accelerate
    # via deprecation
    # via huggingface-hub
    # via marshmallow
    # via transformers
pandas==2.2.2
    # via llama-index-readers-file
pgvector==0.1.8
    # via vecs
pillow==10.4.0
    # via llama-index-core
    # via llama-models
    # via sentence-transformers
    # via torchvision
postgrest==0.17.1
    # via supabase
prompt-toolkit==3.0.48
    # via llama-stack
    # via llama-toolchain
psutil==6.0.0
    # via accelerate
psycopg2-binary==2.9.9
    # via vecs
pycryptodomex==3.20.0
    # via blobfile
pydantic==2.9.1
    # via gotrue
    # via llama-index-core
    # via llama-models
    # via llama-stack
    # via llama-toolchain
    # via openai
    # via postgrest
    # via text-generation
pydantic-core==2.23.3
    # via pydantic
pygments==2.18.0
    # via rich
pypdf==4.3.1
    # via llama-index-readers-file
python-dateutil==2.9.0.post0
    # via pandas
    # via realtime
    # via storage3
python-dotenv==1.0.1
    # via llama-stack
    # via llama-toolchain
    # via traffic-flow-rag
pytz==2024.2
    # via pandas
pyyaml==6.0.2
    # via accelerate
    # via huggingface-hub
    # via llama-index-core
    # via llama-models
    # via transformers
realtime==2.0.2
    # via supabase
regex==2024.9.11
    # via nltk
    # via tiktoken
    # via transformers
requests==2.32.3
    # via huggingface-hub
    # via llama-index-core
    # via llama-stack
    # via llama-toolchain
    # via tiktoken
    # via transformers
    # via voyageai
rich==13.8.1
    # via llama-stack
    # via llama-toolchain
safetensors==0.4.5
    # via accelerate
    # via transformers
scikit-learn==1.5.2
    # via sentence-transformers
scipy==1.14.1
    # via scikit-learn
    # via sentence-transformers
sentence-transformers==3.1.0
    # via llama-index-embeddings-huggingface
setuptools==75.1.0
    # via torch
six==1.16.0
    # via fire
    # via python-dateutil
sniffio==1.3.1
    # via anyio
    # via httpx
    # via openai
soupsieve==2.6
    # via beautifulsoup4
sqlalchemy==2.0.34
    # via llama-index-core
    # via vecs
storage3==0.8.1
    # via supabase
strenum==0.4.15
    # via postgrest
striprtf==0.0.26
    # via llama-index-readers-file
supabase==2.9.0
    # via traffic-flow-rag
supafunc==0.6.1
    # via supabase
sympy==1.13.2
    # via torch
tenacity==8.5.0
    # via llama-index-core
    # via voyageai
termcolor==2.4.0
    # via fire
    # via llama-stack
    # via llama-toolchain
text-generation==0.7.0
    # via llama-index-llms-huggingface
threadpoolctl==3.5.0
    # via scikit-learn
tiktoken==0.7.0
    # via llama-index-core
    # via llama-models
tokenizers==0.19.1
    # via transformers
torch==2.4.1
    # via accelerate
    # via llama-index-llms-huggingface
    # via sentence-transformers
    # via torchaudio
    # via torchvision
    # via traffic-flow-rag
    # via transformers
torchaudio==2.4.1
    # via traffic-flow-rag
torchvision==0.19.1
    # via traffic-flow-rag
tqdm==4.66.5
    # via huggingface-hub
    # via llama-index-core
    # via nltk
    # via openai
    # via sentence-transformers
    # via transformers
transformers==4.44.2
    # via llama-index-llms-huggingface
    # via sentence-transformers
typing-extensions==4.12.2
    # via flupy
    # via huggingface-hub
    # via llama-index-core
    # via openai
    # via pydantic
    # via pydantic-core
    # via realtime
    # via sqlalchemy
    # via storage3
    # via supabase
    # via torch
    # via typing-inspect
typing-inspect==0.9.0
    # via dataclasses-json
    # via llama-index-core
tzdata==2024.1
    # via pandas
urllib3==2.2.2
    # via blobfile
    # via requests
vecs==0.4.4
    # via llama-index-vector-stores-supabase
voyageai==0.2.3
    # via llama-index-embeddings-voyageai
    # via llama-index-postprocessor-voyageai-rerank
    # via traffic-flow-rag
wcwidth==0.2.13
    # via prompt-toolkit
websockets==12.0
    # via realtime
wrapt==1.16.0
    # via deprecated
    # via llama-index-core
yarl==1.11.1
    # via aiohttp
